
Microsoft Visual Studio Solution File, Format Version 12.00
# Visual Studio Version 17
VisualStudioVersion = 17.6.33815.320
MinimumVisualStudioVersion = 10.0.40219.1
Project("{9A19103F-16F7-4668-BE54-9A1E7A4F7556}") = "DDScheduler", "DDScheduler\DDScheduler.csproj", "{122BD239-3B28-4E58-908A-C200BEA9473B}"
EndProject
Project("{2150E333-8FDC-42A3-9474-1A3956D46DE8}") = "Solution Items", "Solution Items", "{021637D7-2DC7-4D72-ACB8-142F8C180082}"
	ProjectSection(SolutionItems) = preProject
		.editorconfig = .editorconfig
	EndProjectSection
EndProject
Project("{9A19103F-16F7-4668-BE54-9A1E7A4F7556}") = "DDScheduler.Common", "DDScheduler.Common\DDScheduler.Common.csproj", "{20F5D237-9FBE-4ED2-9556-D947377CDBF8}"
EndProject
Project("{9A19103F-16F7-4668-BE54-9A1E7A4F7556}") = "DDScheduler.Data", "DDScheduler.Data\DDScheduler.Data.csproj", "{CCA7138D-6439-4CB7-9B28-B12281795C84}"
EndProject
Global
	GlobalSection(SolutionConfigurationPlatforms) = preSolution
		Debug|Any CPU = Debug|Any CPU
		Release|Any CPU = Release|Any CPU
	EndGlobalSection
	GlobalSection(ProjectConfigurationPlatforms) = postSolution
		{122BD239-3B28-4E58-908A-C200BEA9473B}.Debug|Any CPU.ActiveCfg = Debug|Any CPU
		{122BD239-3B28-4E58-908A-C200BEA9473B}.Debug|Any CPU.Build.0 = Debug|Any CPU
		{122BD239-3B28-4E58-908A-C200BEA9473B}.Release|Any CPU.ActiveCfg = Release|Any CPU
		{122BD239-3B28-4E58-908A-C200BEA9473B}.Release|Any CPU.Build.0 = Release|Any CPU
		{20F5D237-9FBE-4ED2-9556-D947377CDBF8}.Debug|Any CPU.ActiveCfg = Debug|Any CPU
		{20F5D237-9FBE-4ED2-9556-D947377CDBF8}.Debug|Any CPU.Build.0 = Debug|Any CPU
		{20F5D237-9FBE-4ED2-9556-D947377CDBF8}.Release|Any CPU.ActiveCfg = Release|Any CPU
		{20F5D237-9FBE-4ED2-9556-D947377CDBF8}.Release|Any CPU.Build.0 = Release|Any CPU
		{CCA7138D-6439-4CB7-9B28-B12281795C84}.Debug|Any CPU.ActiveCfg = Debug|Any CPU
		{CCA7138D-6439-4CB7-9B28-B12281795C84}.Debug|Any CPU.Build.0 = Debug|Any CPU
		{CCA7138D-6439-4CB7-9B28-B12281795C84}.Release|Any CPU.ActiveCfg = Release|Any CPU
		{CCA7138D-6439-4CB7-9B28-B12281795C84}.Release|Any CPU.Build.0 = Release|Any CPU
	EndGlobalSection
	GlobalSection(SolutionProperties) = preSolution
		HideSolutionNode = FALSE
	EndGlobalSection
	GlobalSection(ExtensibilityGlobals) = postSolution
		SolutionGuid = {CC1FA8AF-16B2-49A6-A71E-2E923B5106C7}
	EndGlobalSection
EndGlobal
